
Microsoft Visual Studio Solution File, Format Version 12.00
# Visual Studio Version 17
VisualStudioVersion = 17.11.35327.3
MinimumVisualStudioVersion = 10.0.40219.1
Project("{FAE04EC0-301F-11D3-BF4B-00C04F79EFBC}") = "Hackathon.Shared", "Hackathon.Shared\Hackathon.Shared.csproj", "{26E2FB94-94E9-4A14-8D56-AD75F50A701A}"
EndProject
Project("{FAE04EC0-301F-11D3-BF4B-00C04F79EFBC}") = "Hackathon.API", "Hackathon.API\Hackathon.API.csproj", "{A7E2A7E1-C639-4445-95E9-543D88221F40}"
EndProject
Project("{FAE04EC0-301F-11D3-BF4B-00C04F79EFBC}") = "Hackathon.WEB", "Hackathon.WEB\Hackathon.WEB.csproj", "{2D1EB3C0-96A7-473E-A4EF-C9E1C295BBA5}"
EndProject
Global
	GlobalSection(SolutionConfigurationPlatforms) = preSolution
		Debug|Any CPU = Debug|Any CPU
		Release|Any CPU = Release|Any CPU
	EndGlobalSection
	GlobalSection(ProjectConfigurationPlatforms) = postSolution
		{26E2FB94-94E9-4A14-8D56-AD75F50A701A}.Debug|Any CPU.ActiveCfg = Debug|Any CPU
		{26E2FB94-94E9-4A14-8D56-AD75F50A701A}.Debug|Any CPU.Build.0 = Debug|Any CPU
		{26E2FB94-94E9-4A14-8D56-AD75F50A701A}.Release|Any CPU.ActiveCfg = Release|Any CPU
		{26E2FB94-94E9-4A14-8D56-AD75F50A701A}.Release|Any CPU.Build.0 = Release|Any CPU
		{A7E2A7E1-C639-4445-95E9-543D88221F40}.Debug|Any CPU.ActiveCfg = Debug|Any CPU
		{A7E2A7E1-C639-4445-95E9-543D88221F40}.Debug|Any CPU.Build.0 = Debug|Any CPU
		{A7E2A7E1-C639-4445-95E9-543D88221F40}.Release|Any CPU.ActiveCfg = Release|Any CPU
		{A7E2A7E1-C639-4445-95E9-543D88221F40}.Release|Any CPU.Build.0 = Release|Any CPU
		{2D1EB3C0-96A7-473E-A4EF-C9E1C295BBA5}.Debug|Any CPU.ActiveCfg = Debug|Any CPU
		{2D1EB3C0-96A7-473E-A4EF-C9E1C295BBA5}.Debug|Any CPU.Build.0 = Debug|Any CPU
		{2D1EB3C0-96A7-473E-A4EF-C9E1C295BBA5}.Release|Any CPU.ActiveCfg = Release|Any CPU
		{2D1EB3C0-96A7-473E-A4EF-C9E1C295BBA5}.Release|Any CPU.Build.0 = Release|Any CPU
	EndGlobalSection
	GlobalSection(SolutionProperties) = preSolution
		HideSolutionNode = FALSE
	EndGlobalSection
	GlobalSection(ExtensibilityGlobals) = postSolution
		SolutionGuid = {3C705609-69AB-40D7-BC7A-AE0B734E29EF}
	EndGlobalSection
EndGlobal
